
Microsoft Visual Studio Solution File, Format Version 12.00
# Visual Studio 15
VisualStudioVersion = 15.0.27130.2010
MinimumVisualStudioVersion = 10.0.40219.1
Project("{FAE04EC0-301F-11D3-BF4B-00C04F79EFBC}") = "Pessoa", "Pessoa\Pessoa.csproj", "{E9F165BB-2152-4D32-BA0F-50E658FDC640}"
EndProject
Project("{FAE04EC0-301F-11D3-BF4B-00C04F79EFBC}") = "Repositorio", "RepositorioDeAniversariante\Repositorio.csproj", "{17DE52DD-ABD2-4C8C-A0DB-FA84C0D58B2A}"
EndProject
Project("{FAE04EC0-301F-11D3-BF4B-00C04F79EFBC}") = "GerenciadorDeAniversariantes", "GerenciadorDeAniversariantes\GerenciadorDeAniversariantes.csproj", "{3AD93C16-46EE-4B15-ADC2-18ECE4644179}"
EndProject
Global
	GlobalSection(SolutionConfigurationPlatforms) = preSolution
		Debug|Any CPU = Debug|Any CPU
		Release|Any CPU = Release|Any CPU
	EndGlobalSection
	GlobalSection(ProjectConfigurationPlatforms) = postSolution
		{E9F165BB-2152-4D32-BA0F-50E658FDC640}.Debug|Any CPU.ActiveCfg = Debug|Any CPU
		{E9F165BB-2152-4D32-BA0F-50E658FDC640}.Debug|Any CPU.Build.0 = Debug|Any CPU
		{E9F165BB-2152-4D32-BA0F-50E658FDC640}.Release|Any CPU.ActiveCfg = Release|Any CPU
		{E9F165BB-2152-4D32-BA0F-50E658FDC640}.Release|Any CPU.Build.0 = Release|Any CPU
		{17DE52DD-ABD2-4C8C-A0DB-FA84C0D58B2A}.Debug|Any CPU.ActiveCfg = Debug|Any CPU
		{17DE52DD-ABD2-4C8C-A0DB-FA84C0D58B2A}.Debug|Any CPU.Build.0 = Debug|Any CPU
		{17DE52DD-ABD2-4C8C-A0DB-FA84C0D58B2A}.Release|Any CPU.ActiveCfg = Release|Any CPU
		{17DE52DD-ABD2-4C8C-A0DB-FA84C0D58B2A}.Release|Any CPU.Build.0 = Release|Any CPU
		{3AD93C16-46EE-4B15-ADC2-18ECE4644179}.Debug|Any CPU.ActiveCfg = Debug|Any CPU
		{3AD93C16-46EE-4B15-ADC2-18ECE4644179}.Debug|Any CPU.Build.0 = Debug|Any CPU
		{3AD93C16-46EE-4B15-ADC2-18ECE4644179}.Release|Any CPU.ActiveCfg = Release|Any CPU
		{3AD93C16-46EE-4B15-ADC2-18ECE4644179}.Release|Any CPU.Build.0 = Release|Any CPU
	EndGlobalSection
	GlobalSection(SolutionProperties) = preSolution
		HideSolutionNode = FALSE
	EndGlobalSection
	GlobalSection(ExtensibilityGlobals) = postSolution
		SolutionGuid = {230D18F0-5F47-4CE4-8883-5811EE18B050}
	EndGlobalSection
EndGlobal
